// !$*UTF8*$!
{
	archiveVersion = 1;
	classes = {
	};
	objectVersion = 50;
	objects = {

/* Begin PBXBuildFile section */
		7707370222C4247B001D8354 /* AppDelegate.swift in Sources */ = {isa = PBXBuildFile; fileRef = 7707370122C4247B001D8354 /* AppDelegate.swift */; };
		7707370422C4247B001D8354 /* ViewController.swift in Sources */ = {isa = PBXBuildFile; fileRef = 7707370322C4247B001D8354 /* ViewController.swift */; };
		7707370722C4247B001D8354 /* Main.storyboard in Resources */ = {isa = PBXBuildFile; fileRef = 7707370522C4247B001D8354 /* Main.storyboard */; };
		7707370922C4247E001D8354 /* Assets.xcassets in Resources */ = {isa = PBXBuildFile; fileRef = 7707370822C4247E001D8354 /* Assets.xcassets */; };
		7707370C22C4247E001D8354 /* LaunchScreen.storyboard in Resources */ = {isa = PBXBuildFile; fileRef = 7707370A22C4247E001D8354 /* LaunchScreen.storyboard */; };
		7707371722C4247E001D8354 /* Times_TableTests.swift in Sources */ = {isa = PBXBuildFile; fileRef = 7707371622C4247E001D8354 /* Times_TableTests.swift */; };
		7707372222C4247E001D8354 /* Times_TableUITests.swift in Sources */ = {isa = PBXBuildFile; fileRef = 7707372122C4247E001D8354 /* Times_TableUITests.swift */; };
/* End PBXBuildFile section */

/* Begin PBXContainerItemProxy section */
		7707371322C4247E001D8354 /* PBXContainerItemProxy */ = {
			isa = PBXContainerItemProxy;
			containerPortal = 770736F622C4247B001D8354 /* Project object */;
			proxyType = 1;
			remoteGlobalIDString = 770736FD22C4247B001D8354;
			remoteInfo = "Times Table";
		};
		7707371E22C4247E001D8354 /* PBXContainerItemProxy */ = {
			isa = PBXContainerItemProxy;
			containerPortal = 770736F622C4247B001D8354 /* Project object */;
			proxyType = 1;
			remoteGlobalIDString = 770736FD22C4247B001D8354;
			remoteInfo = "Times Table";
		};
/* End PBXContainerItemProxy section */

/* Begin PBXFileReference section */
		770736FE22C4247B001D8354 /* Times Table.app */ = {isa = PBXFileReference; explicitFileType = wrapper.application; includeInIndex = 0; path = "Times Table.app"; sourceTree = BUILT_PRODUCTS_DIR; };
		7707370122C4247B001D8354 /* AppDelegate.swift */ = {isa = PBXFileReference; lastKnownFileType = sourcecode.swift; path = AppDelegate.swift; sourceTree = "<group>"; };
		7707370322C4247B001D8354 /* ViewController.swift */ = {isa = PBXFileReference; lastKnownFileType = sourcecode.swift; path = ViewController.swift; sourceTree = "<group>"; };
		7707370622C4247B001D8354 /* Base */ = {isa = PBXFileReference; lastKnownFileType = file.storyboard; name = Base; path = Base.lproj/Main.storyboard; sourceTree = "<group>"; };
		7707370822C4247E001D8354 /* Assets.xcassets */ = {isa = PBXFileReference; lastKnownFileType = folder.assetcatalog; path = Assets.xcassets; sourceTree = "<group>"; };
		7707370B22C4247E001D8354 /* Base */ = {isa = PBXFileReference; lastKnownFileType = file.storyboard; name = Base; path = Base.lproj/LaunchScreen.storyboard; sourceTree = "<group>"; };
		7707370D22C4247E001D8354 /* Info.plist */ = {isa = PBXFileReference; lastKnownFileType = text.plist.xml; path = Info.plist; sourceTree = "<group>"; };
		7707371222C4247E001D8354 /* Times TableTests.xctest */ = {isa = PBXFileReference; explicitFileType = wrapper.cfbundle; includeInIndex = 0; path = "Times TableTests.xctest"; sourceTree = BUILT_PRODUCTS_DIR; };
		7707371622C4247E001D8354 /* Times_TableTests.swift */ = {isa = PBXFileReference; lastKnownFileType = sourcecode.swift; path = Times_TableTests.swift; sourceTree = "<group>"; };
		7707371822C4247E001D8354 /* Info.plist */ = {isa = PBXFileReference; lastKnownFileType = text.plist.xml; path = Info.plist; sourceTree = "<group>"; };
		7707371D22C4247E001D8354 /* Times TableUITests.xctest */ = {isa = PBXFileReference; explicitFileType = wrapper.cfbundle; includeInIndex = 0; path = "Times TableUITests.xctest"; sourceTree = BUILT_PRODUCTS_DIR; };
		7707372122C4247E001D8354 /* Times_TableUITests.swift */ = {isa = PBXFileReference; lastKnownFileType = sourcecode.swift; path = Times_TableUITests.swift; sourceTree = "<group>"; };
		7707372322C4247E001D8354 /* Info.plist */ = {isa = PBXFileReference; lastKnownFileType = text.plist.xml; path = Info.plist; sourceTree = "<group>"; };
/* End PBXFileReference section */

/* Begin PBXFrameworksBuildPhase section */
		770736FB22C4247B001D8354 /* Frameworks */ = {
			isa = PBXFrameworksBuildPhase;
			buildActionMask = 2147483647;
			files = (
			);
			runOnlyForDeploymentPostprocessing = 0;
		};
		7707370F22C4247E001D8354 /* Frameworks */ = {
			isa = PBXFrameworksBuildPhase;
			buildActionMask = 2147483647;
			files = (
			);
			runOnlyForDeploymentPostprocessing = 0;
		};
		7707371A22C4247E001D8354 /* Frameworks */ = {
			isa = PBXFrameworksBuildPhase;
			buildActionMask = 2147483647;
			files = (
			);
			runOnlyForDeploymentPostprocessing = 0;
		};
/* End PBXFrameworksBuildPhase section */

/* Begin PBXGroup section */
		770736F522C4247B001D8354 = {
			isa = PBXGroup;
			children = (
				7707370022C4247B001D8354 /* Times Table */,
				7707371522C4247E001D8354 /* Times TableTests */,
				7707372022C4247E001D8354 /* Times TableUITests */,
				770736FF22C4247B001D8354 /* Products */,
			);
			sourceTree = "<group>";
		};
		770736FF22C4247B001D8354 /* Products */ = {
			isa = PBXGroup;
			children = (
				770736FE22C4247B001D8354 /* Times Table.app */,
				7707371222C4247E001D8354 /* Times TableTests.xctest */,
				7707371D22C4247E001D8354 /* Times TableUITests.xctest */,
			);
			name = Products;
			sourceTree = "<group>";
		};
		7707370022C4247B001D8354 /* Times Table */ = {
			isa = PBXGroup;
			children = (
				7707370122C4247B001D8354 /* AppDelegate.swift */,
				7707370322C4247B001D8354 /* ViewController.swift */,
				7707370522C4247B001D8354 /* Main.storyboard */,
				7707370822C4247E001D8354 /* Assets.xcassets */,
				7707370A22C4247E001D8354 /* LaunchScreen.storyboard */,
				7707370D22C4247E001D8354 /* Info.plist */,
			);
			path = "Times Table";
			sourceTree = "<group>";
		};
		7707371522C4247E001D8354 /* Times TableTests */ = {
			isa = PBXGroup;
			children = (
				7707371622C4247E001D8354 /* Times_TableTests.swift */,
				7707371822C4247E001D8354 /* Info.plist */,
			);
			path = "Times TableTests";
			sourceTree = "<group>";
		};
		7707372022C4247E001D8354 /* Times TableUITests */ = {
			isa = PBXGroup;
			children = (
				7707372122C4247E001D8354 /* Times_TableUITests.swift */,
				7707372322C4247E001D8354 /* Info.plist */,
			);
			path = "Times TableUITests";
			sourceTree = "<group>";
		};
/* End PBXGroup section */

/* Begin PBXNativeTarget section */
		770736FD22C4247B001D8354 /* Times Table */ = {
			isa = PBXNativeTarget;
			buildConfigurationList = 7707372622C4247E001D8354 /* Build configuration list for PBXNativeTarget "Times Table" */;
			buildPhases = (
				770736FA22C4247B001D8354 /* Sources */,
				770736FB22C4247B001D8354 /* Frameworks */,
				770736FC22C4247B001D8354 /* Resources */,
			);
			buildRules = (
			);
			dependencies = (
			);
			name = "Times Table";
			productName = "Times Table";
			productReference = 770736FE22C4247B001D8354 /* Times Table.app */;
			productType = "com.apple.product-type.application";
		};
		7707371122C4247E001D8354 /* Times TableTests */ = {
			isa = PBXNativeTarget;
			buildConfigurationList = 7707372922C4247E001D8354 /* Build configuration list for PBXNativeTarget "Times TableTests" */;
			buildPhases = (
				7707370E22C4247E001D8354 /* Sources */,
				7707370F22C4247E001D8354 /* Frameworks */,
				7707371022C4247E001D8354 /* Resources */,
			);
			buildRules = (
			);
			dependencies = (
				7707371422C4247E001D8354 /* PBXTargetDependency */,
			);
			name = "Times TableTests";
			productName = "Times TableTests";
			productReference = 7707371222C4247E001D8354 /* Times TableTests.xctest */;
			productType = "com.apple.product-type.bundle.unit-test";
		};
		7707371C22C4247E001D8354 /* Times TableUITests */ = {
			isa = PBXNativeTarget;
			buildConfigurationList = 7707372C22C4247E001D8354 /* Build configuration list for PBXNativeTarget "Times TableUITests" */;
			buildPhases = (
				7707371922C4247E001D8354 /* Sources */,
				7707371A22C4247E001D8354 /* Frameworks */,
				7707371B22C4247E001D8354 /* Resources */,
			);
			buildRules = (
			);
			dependencies = (
				7707371F22C4247E001D8354 /* PBXTargetDependency */,
			);
			name = "Times TableUITests";
			productName = "Times TableUITests";
			productReference = 7707371D22C4247E001D8354 /* Times TableUITests.xctest */;
			productType = "com.apple.product-type.bundle.ui-testing";
		};
/* End PBXNativeTarget section */

/* Begin PBXProject section */
		770736F622C4247B001D8354 /* Project object */ = {
			isa = PBXProject;
			attributes = {
				LastSwiftUpdateCheck = 1020;
				LastUpgradeCheck = 1020;
				ORGANIZATIONNAME = NextGenTech;
				TargetAttributes = {
					770736FD22C4247B001D8354 = {
						CreatedOnToolsVersion = 10.2.1;
					};
					7707371122C4247E001D8354 = {
						CreatedOnToolsVersion = 10.2.1;
						TestTargetID = 770736FD22C4247B001D8354;
					};
					7707371C22C4247E001D8354 = {
						CreatedOnToolsVersion = 10.2.1;
						TestTargetID = 770736FD22C4247B001D8354;
					};
				};
			};
			buildConfigurationList = 770736F922C4247B001D8354 /* Build configuration list for PBXProject "Times Table" */;
			compatibilityVersion = "Xcode 9.3";
			developmentRegion = en;
			hasScannedForEncodings = 0;
			knownRegions = (
				en,
				Base,
			);
			mainGroup = 770736F522C4247B001D8354;
			productRefGroup = 770736FF22C4247B001D8354 /* Products */;
			projectDirPath = "";
			projectRoot = "";
			targets = (
				770736FD22C4247B001D8354 /* Times Table */,
				7707371122C4247E001D8354 /* Times TableTests */,
				7707371C22C4247E001D8354 /* Times TableUITests */,
			);
		};
/* End PBXProject section */

/* Begin PBXResourcesBuildPhase section */
		770736FC22C4247B001D8354 /* Resources */ = {
			isa = PBXResourcesBuildPhase;
			buildActionMask = 2147483647;
			files = (
				7707370C22C4247E001D8354 /* LaunchScreen.storyboard in Resources */,
				7707370922C4247E001D8354 /* Assets.xcassets in Resources */,
				7707370722C4247B001D8354 /* Main.storyboard in Resources */,
			);
			runOnlyForDeploymentPostprocessing = 0;
		};
		7707371022C4247E001D8354 /* Resources */ = {
			isa = PBXResourcesBuildPhase;
			buildActionMask = 2147483647;
			files = (
			);
			runOnlyForDeploymentPostprocessing = 0;
		};
		7707371B22C4247E001D8354 /* Resources */ = {
			isa = PBXResourcesBuildPhase;
			buildActionMask = 2147483647;
			files = (
			);
			runOnlyForDeploymentPostprocessing = 0;
		};
/* End PBXResourcesBuildPhase section */

/* Begin PBXSourcesBuildPhase section */
		770736FA22C4247B001D8354 /* Sources */ = {
			isa = PBXSourcesBuildPhase;
			buildActionMask = 2147483647;
			files = (
				7707370422C4247B001D8354 /* ViewController.swift in Sources */,
				7707370222C4247B001D8354 /* AppDelegate.swift in Sources */,
			);
			runOnlyForDeploymentPostprocessing = 0;
		};
		7707370E22C4247E001D8354 /* Sources */ = {
			isa = PBXSourcesBuildPhase;
			buildActionMask = 2147483647;
			files = (
				7707371722C4247E001D8354 /* Times_TableTests.swift in Sources */,
			);
			runOnlyForDeploymentPostprocessing = 0;
		};
		7707371922C4247E001D8354 /* Sources */ = {
			isa = PBXSourcesBuildPhase;
			buildActionMask = 2147483647;
			files = (
				7707372222C4247E001D8354 /* Times_TableUITests.swift in Sources */,
			);
			runOnlyForDeploymentPostprocessing = 0;
		};
/* End PBXSourcesBuildPhase section */

/* Begin PBXTargetDependency section */
		7707371422C4247E001D8354 /* PBXTargetDependency */ = {
			isa = PBXTargetDependency;
			target = 770736FD22C4247B001D8354 /* Times Table */;
			targetProxy = 7707371322C4247E001D8354 /* PBXContainerItemProxy */;
		};
		7707371F22C4247E001D8354 /* PBXTargetDependency */ = {
			isa = PBXTargetDependency;
			target = 770736FD22C4247B001D8354 /* Times Table */;
			targetProxy = 7707371E22C4247E001D8354 /* PBXContainerItemProxy */;
		};
/* End PBXTargetDependency section */

/* Begin PBXVariantGroup section */
		7707370522C4247B001D8354 /* Main.storyboard */ = {
			isa = PBXVariantGroup;
			children = (
				7707370622C4247B001D8354 /* Base */,
			);
			name = Main.storyboard;
			sourceTree = "<group>";
		};
		7707370A22C4247E001D8354 /* LaunchScreen.storyboard */ = {
			isa = PBXVariantGroup;
			children = (
				7707370B22C4247E001D8354 /* Base */,
			);
			name = LaunchScreen.storyboard;
			sourceTree = "<group>";
		};
/* End PBXVariantGroup section */

/* Begin XCBuildConfiguration section */
		7707372422C4247E001D8354 /* Debug */ = {
			isa = XCBuildConfiguration;
			buildSettings = {
				ALWAYS_SEARCH_USER_PATHS = NO;
				CLANG_ANALYZER_NONNULL = YES;
				CLANG_ANALYZER_NUMBER_OBJECT_CONVERSION = YES_AGGRESSIVE;
				CLANG_CXX_LANGUAGE_STANDARD = "gnu++14";
				CLANG_CXX_LIBRARY = "libc++";
				CLANG_ENABLE_MODULES = YES;
				CLANG_ENABLE_OBJC_ARC = YES;
				CLANG_ENABLE_OBJC_WEAK = YES;
				CLANG_WARN_BLOCK_CAPTURE_AUTORELEASING = YES;
				CLANG_WARN_BOOL_CONVERSION = YES;
				CLANG_WARN_COMMA = YES;
				CLANG_WARN_CONSTANT_CONVERSION = YES;
				CLANG_WARN_DEPRECATED_OBJC_IMPLEMENTATIONS = YES;
				CLANG_WARN_DIRECT_OBJC_ISA_USAGE = YES_ERROR;
				CLANG_WARN_DOCUMENTATION_COMMENTS = YES;
				CLANG_WARN_EMPTY_BODY = YES;
				CLANG_WARN_ENUM_CONVERSION = YES;
				CLANG_WARN_INFINITE_RECURSION = YES;
				CLANG_WARN_INT_CONVERSION = YES;
				CLANG_WARN_NON_LITERAL_NULL_CONVERSION = YES;
				CLANG_WARN_OBJC_IMPLICIT_RETAIN_SELF = YES;
				CLANG_WARN_OBJC_LITERAL_CONVERSION = YES;
				CLANG_WARN_OBJC_ROOT_CLASS = YES_ERROR;
				CLANG_WARN_RANGE_LOOP_ANALYSIS = YES;
				CLANG_WARN_STRICT_PROTOTYPES = YES;
				CLANG_WARN_SUSPICIOUS_MOVE = YES;
				CLANG_WARN_UNGUARDED_AVAILABILITY = YES_AGGRESSIVE;
				CLANG_WARN_UNREACHABLE_CODE = YES;
				CLANG_WARN__DUPLICATE_METHOD_MATCH = YES;
				CODE_SIGN_IDENTITY = "iPhone Developer";
				COPY_PHASE_STRIP = NO;
				DEBUG_INFORMATION_FORMAT = dwarf;
				ENABLE_STRICT_OBJC_MSGSEND = YES;
				ENABLE_TESTABILITY = YES;
				GCC_C_LANGUAGE_STANDARD = gnu11;
				GCC_DYNAMIC_NO_PIC = NO;
				GCC_NO_COMMON_BLOCKS = YES;
				GCC_OPTIMIZATION_LEVEL = 0;
				GCC_PREPROCESSOR_DEFINITIONS = (
					"DEBUG=1",
					"$(inherited)",
				);
				GCC_WARN_64_TO_32_BIT_CONVERSION = YES;
				GCC_WARN_ABOUT_RETURN_TYPE = YES_ERROR;
				GCC_WARN_UNDECLARED_SELECTOR = YES;
				GCC_WARN_UNINITIALIZED_AUTOS = YES_AGGRESSIVE;
				GCC_WARN_UNUSED_FUNCTION = YES;
				GCC_WARN_UNUSED_VARIABLE = YES;
				IPHONEOS_DEPLOYMENT_TARGET = 12.2;
				MTL_ENABLE_DEBUG_INFO = INCLUDE_SOURCE;
				MTL_FAST_MATH = YES;
				ONLY_ACTIVE_ARCH = YES;
				SDKROOT = iphoneos;
				SWIFT_ACTIVE_COMPILATION_CONDITIONS = DEBUG;
				SWIFT_OPTIMIZATION_LEVEL = "-Onone";
			};
			name = Debug;
		};
		7707372522C4247E001D8354 /* Release */ = {
			isa = XCBuildConfiguration;
			buildSettings = {
				ALWAYS_SEARCH_USER_PATHS = NO;
				CLANG_ANALYZER_NONNULL = YES;
				CLANG_ANALYZER_NUMBER_OBJECT_CONVERSION = YES_AGGRESSIVE;
				CLANG_CXX_LANGUAGE_STANDARD = "gnu++14";
				CLANG_CXX_LIBRARY = "libc++";
				CLANG_ENABLE_MODULES = YES;
				CLANG_ENABLE_OBJC_ARC = YES;
				CLANG_ENABLE_OBJC_WEAK = YES;
				CLANG_WARN_BLOCK_CAPTURE_AUTORELEASING = YES;
				CLANG_WARN_BOOL_CONVERSION = YES;
				CLANG_WARN_COMMA = YES;
				CLANG_WARN_CONSTANT_CONVERSION = YES;
				CLANG_WARN_DEPRECATED_OBJC_IMPLEMENTATIONS = YES;
				CLANG_WARN_DIRECT_OBJC_ISA_USAGE = YES_ERROR;
				CLANG_WARN_DOCUMENTATION_COMMENTS = YES;
				CLANG_WARN_EMPTY_BODY = YES;
				CLANG_WARN_ENUM_CONVERSION = YES;
				CLANG_WARN_INFINITE_RECURSION = YES;
				CLANG_WARN_INT_CONVERSION = YES;
				CLANG_WARN_NON_LITERAL_NULL_CONVERSION = YES;
				CLANG_WARN_OBJC_IMPLICIT_RETAIN_SELF = YES;
				CLANG_WARN_OBJC_LITERAL_CONVERSION = YES;
				CLANG_WARN_OBJC_ROOT_CLASS = YES_ERROR;
				CLANG_WARN_RANGE_LOOP_ANALYSIS = YES;
				CLANG_WARN_STRICT_PROTOTYPES = YES;
				CLANG_WARN_SUSPICIOUS_MOVE = YES;
				CLANG_WARN_UNGUARDED_AVAILABILITY = YES_AGGRESSIVE;
				CLANG_WARN_UNREACHABLE_CODE = YES;
				CLANG_WARN__DUPLICATE_METHOD_MATCH = YES;
				CODE_SIGN_IDENTITY = "iPhone Developer";
				COPY_PHASE_STRIP = NO;
				DEBUG_INFORMATION_FORMAT = "dwarf-with-dsym";
				ENABLE_NS_ASSERTIONS = NO;
				ENABLE_STRICT_OBJC_MSGSEND = YES;
				GCC_C_LANGUAGE_STANDARD = gnu11;
				GCC_NO_COMMON_BLOCKS = YES;
				GCC_WARN_64_TO_32_BIT_CONVERSION = YES;
				GCC_WARN_ABOUT_RETURN_TYPE = YES_ERROR;
				GCC_WARN_UNDECLARED_SELECTOR = YES;
				GCC_WARN_UNINITIALIZED_AUTOS = YES_AGGRESSIVE;
				GCC_WARN_UNUSED_FUNCTION = YES;
				GCC_WARN_UNUSED_VARIABLE = YES;
				IPHONEOS_DEPLOYMENT_TARGET = 12.2;
				MTL_ENABLE_DEBUG_INFO = NO;
				MTL_FAST_MATH = YES;
				SDKROOT = iphoneos;
				SWIFT_COMPILATION_MODE = wholemodule;
				SWIFT_OPTIMIZATION_LEVEL = "-O";
				VALIDATE_PRODUCT = YES;
			};
			name = Release;
		};
		7707372722C4247E001D8354 /* Debug */ = {
			isa = XCBuildConfiguration;
			buildSettings = {
				ASSETCATALOG_COMPILER_APPICON_NAME = AppIcon;
				CODE_SIGN_STYLE = Automatic;
				INFOPLIST_FILE = "Times Table/Info.plist";
				LD_RUNPATH_SEARCH_PATHS = (
					"$(inherited)",
					"@executable_path/Frameworks",
				);
				PRODUCT_BUNDLE_IDENTIFIER = "com.myApp.Times-Table";
				PRODUCT_NAME = "$(TARGET_NAME)";
				SWIFT_VERSION = 5.0;
				TARGETED_DEVICE_FAMILY = "1,2";
			};
			name = Debug;
		};
		7707372822C4247E001D8354 /* Release */ = {
			isa = XCBuildConfiguration;
			buildSettings = {
				ASSETCATALOG_COMPILER_APPICON_NAME = AppIcon;
				CODE_SIGN_STYLE = Automatic;
				INFOPLIST_FILE = "Times Table/Info.plist";
				LD_RUNPATH_SEARCH_PATHS = (
					"$(inherited)",
					"@executable_path/Frameworks",
				);
				PRODUCT_BUNDLE_IDENTIFIER = "com.myApp.Times-Table";
				PRODUCT_NAME = "$(TARGET_NAME)";
				SWIFT_VERSION = 5.0;
				TARGETED_DEVICE_FAMILY = "1,2";
			};
			name = Release;
		};
		7707372A22C4247E001D8354 /* Debug */ = {
			isa = XCBuildConfiguration;
			buildSettings = {
				ALWAYS_EMBED_SWIFT_STANDARD_LIBRARIES = YES;
				BUNDLE_LOADER = "$(TEST_HOST)";
				CODE_SIGN_STYLE = Automatic;
				INFOPLIST_FILE = "Times TableTests/Info.plist";
				LD_RUNPATH_SEARCH_PATHS = (
					"$(inherited)",
					"@executable_path/Frameworks",
					"@loader_path/Frameworks",
				);
				PRODUCT_BUNDLE_IDENTIFIER = "com.myApp.Times-TableTests";
				PRODUCT_NAME = "$(TARGET_NAME)";
				SWIFT_VERSION = 5.0;
				TARGETED_DEVICE_FAMILY = "1,2";
				TEST_HOST = "$(BUILT_PRODUCTS_DIR)/Times Table.app/Times Table";
			};
			name = Debug;
		};
		7707372B22C4247E001D8354 /* Release */ = {
			isa = XCBuildConfiguration;
			buildSettings = {
				ALWAYS_EMBED_SWIFT_STANDARD_LIBRARIES = YES;
				BUNDLE_LOADER = "$(TEST_HOST)";
				CODE_SIGN_STYLE = Automatic;
				INFOPLIST_FILE = "Times TableTests/Info.plist";
				LD_RUNPATH_SEARCH_PATHS = (
					"$(inherited)",
					"@executable_path/Frameworks",
					"@loader_path/Frameworks",
				);
				PRODUCT_BUNDLE_IDENTIFIER = "com.myApp.Times-TableTests";
				PRODUCT_NAME = "$(TARGET_NAME)";
				SWIFT_VERSION = 5.0;
				TARGETED_DEVICE_FAMILY = "1,2";
				TEST_HOST = "$(BUILT_PRODUCTS_DIR)/Times Table.app/Times Table";
			};
			name = Release;
		};
		7707372D22C4247E001D8354 /* Debug */ = {
			isa = XCBuildConfiguration;
			buildSettings = {
				ALWAYS_EMBED_SWIFT_STANDARD_LIBRARIES = YES;
				CODE_SIGN_STYLE = Automatic;
				INFOPLIST_FILE = "Times TableUITests/Info.plist";
				LD_RUNPATH_SEARCH_PATHS = (
					"$(inherited)",
					"@executable_path/Frameworks",
					"@loader_path/Frameworks",
				);
				PRODUCT_BUNDLE_IDENTIFIER = "com.myApp.Times-TableUITests";
				PRODUCT_NAME = "$(TARGET_NAME)";
				SWIFT_VERSION = 5.0;
				TARGETED_DEVICE_FAMILY = "1,2";
				TEST_TARGET_NAME = "Times Table";
			};
			name = Debug;
		};
		7707372E22C4247E001D8354 /* Release */ = {
			isa = XCBuildConfiguration;
			buildSettings = {
				ALWAYS_EMBED_SWIFT_STANDARD_LIBRARIES = YES;
				CODE_SIGN_STYLE = Automatic;
				INFOPLIST_FILE = "Times TableUITests/Info.plist";
				LD_RUNPATH_SEARCH_PATHS = (
					"$(inherited)",
					"@executable_path/Frameworks",
					"@loader_path/Frameworks",
				);
				PRODUCT_BUNDLE_IDENTIFIER = "com.myApp.Times-TableUITests";
				PRODUCT_NAME = "$(TARGET_NAME)";
				SWIFT_VERSION = 5.0;
				TARGETED_DEVICE_FAMILY = "1,2";
				TEST_TARGET_NAME = "Times Table";
			};
			name = Release;
		};
/* End XCBuildConfiguration section */

/* Begin XCConfigurationList section */
		770736F922C4247B001D8354 /* Build configuration list for PBXProject "Times Table" */ = {
			isa = XCConfigurationList;
			buildConfigurations = (
				7707372422C4247E001D8354 /* Debug */,
				7707372522C4247E001D8354 /* Release */,
			);
			defaultConfigurationIsVisible = 0;
			defaultConfigurationName = Release;
		};
		7707372622C4247E001D8354 /* Build configuration list for PBXNativeTarget "Times Table" */ = {
			isa = XCConfigurationList;
			buildConfigurations = (
				7707372722C4247E001D8354 /* Debug */,
				7707372822C4247E001D8354 /* Release */,
			);
			defaultConfigurationIsVisible = 0;
			defaultConfigurationName = Release;
		};
		7707372922C4247E001D8354 /* Build configuration list for PBXNativeTarget "Times TableTests" */ = {
			isa = XCConfigurationList;
			buildConfigurations = (
				7707372A22C4247E001D8354 /* Debug */,
				7707372B22C4247E001D8354 /* Release */,
			);
			defaultConfigurationIsVisible = 0;
			defaultConfigurationName = Release;
		};
		7707372C22C4247E001D8354 /* Build configuration list for PBXNativeTarget "Times TableUITests" */ = {
			isa = XCConfigurationList;
			buildConfigurations = (
				7707372D22C4247E001D8354 /* Debug */,
				7707372E22C4247E001D8354 /* Release */,
			);
			defaultConfigurationIsVisible = 0;
			defaultConfigurationName = Release;
		};
/* End XCConfigurationList section */
	};
	rootObject = 770736F622C4247B001D8354 /* Project object */;
}
