// !$*UTF8*$!
{
	archiveVersion = 1;
	classes = {
	};
	objectVersion = 50;
	objects = {

/* Begin PBXBuildFile section */
		77F1F18B22D938B100C9A125 /* AppDelegate.swift in Sources */ = {isa = PBXBuildFile; fileRef = 77F1F18A22D938B100C9A125 /* AppDelegate.swift */; };
		77F1F18D22D938B100C9A125 /* ViewController.swift in Sources */ = {isa = PBXBuildFile; fileRef = 77F1F18C22D938B100C9A125 /* ViewController.swift */; };
		77F1F19022D938B100C9A125 /* Main.storyboard in Resources */ = {isa = PBXBuildFile; fileRef = 77F1F18E22D938B100C9A125 /* Main.storyboard */; };
		77F1F19222D938B400C9A125 /* Assets.xcassets in Resources */ = {isa = PBXBuildFile; fileRef = 77F1F19122D938B400C9A125 /* Assets.xcassets */; };
		77F1F19522D938B400C9A125 /* LaunchScreen.storyboard in Resources */ = {isa = PBXBuildFile; fileRef = 77F1F19322D938B400C9A125 /* LaunchScreen.storyboard */; };
		77F1F1A022D938B400C9A125 /* Advanced_SeguesTests.swift in Sources */ = {isa = PBXBuildFile; fileRef = 77F1F19F22D938B400C9A125 /* Advanced_SeguesTests.swift */; };
		77F1F1AB22D938B400C9A125 /* Advanced_SeguesUITests.swift in Sources */ = {isa = PBXBuildFile; fileRef = 77F1F1AA22D938B400C9A125 /* Advanced_SeguesUITests.swift */; };
		77F1F1B922D939DB00C9A125 /* TableViewController.swift in Sources */ = {isa = PBXBuildFile; fileRef = 77F1F1B822D939DB00C9A125 /* TableViewController.swift */; };
/* End PBXBuildFile section */

/* Begin PBXContainerItemProxy section */
		77F1F19C22D938B400C9A125 /* PBXContainerItemProxy */ = {
			isa = PBXContainerItemProxy;
			containerPortal = 77F1F17F22D938B000C9A125 /* Project object */;
			proxyType = 1;
			remoteGlobalIDString = 77F1F18622D938B100C9A125;
			remoteInfo = "Advanced Segues";
		};
		77F1F1A722D938B400C9A125 /* PBXContainerItemProxy */ = {
			isa = PBXContainerItemProxy;
			containerPortal = 77F1F17F22D938B000C9A125 /* Project object */;
			proxyType = 1;
			remoteGlobalIDString = 77F1F18622D938B100C9A125;
			remoteInfo = "Advanced Segues";
		};
/* End PBXContainerItemProxy section */

/* Begin PBXFileReference section */
		77F1F18722D938B100C9A125 /* Advanced Segues.app */ = {isa = PBXFileReference; explicitFileType = wrapper.application; includeInIndex = 0; path = "Advanced Segues.app"; sourceTree = BUILT_PRODUCTS_DIR; };
		77F1F18A22D938B100C9A125 /* AppDelegate.swift */ = {isa = PBXFileReference; lastKnownFileType = sourcecode.swift; path = AppDelegate.swift; sourceTree = "<group>"; };
		77F1F18C22D938B100C9A125 /* ViewController.swift */ = {isa = PBXFileReference; lastKnownFileType = sourcecode.swift; path = ViewController.swift; sourceTree = "<group>"; };
		77F1F18F22D938B100C9A125 /* Base */ = {isa = PBXFileReference; lastKnownFileType = file.storyboard; name = Base; path = Base.lproj/Main.storyboard; sourceTree = "<group>"; };
		77F1F19122D938B400C9A125 /* Assets.xcassets */ = {isa = PBXFileReference; lastKnownFileType = folder.assetcatalog; path = Assets.xcassets; sourceTree = "<group>"; };
		77F1F19422D938B400C9A125 /* Base */ = {isa = PBXFileReference; lastKnownFileType = file.storyboard; name = Base; path = Base.lproj/LaunchScreen.storyboard; sourceTree = "<group>"; };
		77F1F19622D938B400C9A125 /* Info.plist */ = {isa = PBXFileReference; lastKnownFileType = text.plist.xml; path = Info.plist; sourceTree = "<group>"; };
		77F1F19B22D938B400C9A125 /* Advanced SeguesTests.xctest */ = {isa = PBXFileReference; explicitFileType = wrapper.cfbundle; includeInIndex = 0; path = "Advanced SeguesTests.xctest"; sourceTree = BUILT_PRODUCTS_DIR; };
		77F1F19F22D938B400C9A125 /* Advanced_SeguesTests.swift */ = {isa = PBXFileReference; lastKnownFileType = sourcecode.swift; path = Advanced_SeguesTests.swift; sourceTree = "<group>"; };
		77F1F1A122D938B400C9A125 /* Info.plist */ = {isa = PBXFileReference; lastKnownFileType = text.plist.xml; path = Info.plist; sourceTree = "<group>"; };
		77F1F1A622D938B400C9A125 /* Advanced SeguesUITests.xctest */ = {isa = PBXFileReference; explicitFileType = wrapper.cfbundle; includeInIndex = 0; path = "Advanced SeguesUITests.xctest"; sourceTree = BUILT_PRODUCTS_DIR; };
		77F1F1AA22D938B400C9A125 /* Advanced_SeguesUITests.swift */ = {isa = PBXFileReference; lastKnownFileType = sourcecode.swift; path = Advanced_SeguesUITests.swift; sourceTree = "<group>"; };
		77F1F1AC22D938B400C9A125 /* Info.plist */ = {isa = PBXFileReference; lastKnownFileType = text.plist.xml; path = Info.plist; sourceTree = "<group>"; };
		77F1F1B822D939DB00C9A125 /* TableViewController.swift */ = {isa = PBXFileReference; lastKnownFileType = sourcecode.swift; path = TableViewController.swift; sourceTree = "<group>"; };
/* End PBXFileReference section */

/* Begin PBXFrameworksBuildPhase section */
		77F1F18422D938B100C9A125 /* Frameworks */ = {
			isa = PBXFrameworksBuildPhase;
			buildActionMask = 2147483647;
			files = (
			);
			runOnlyForDeploymentPostprocessing = 0;
		};
		77F1F19822D938B400C9A125 /* Frameworks */ = {
			isa = PBXFrameworksBuildPhase;
			buildActionMask = 2147483647;
			files = (
			);
			runOnlyForDeploymentPostprocessing = 0;
		};
		77F1F1A322D938B400C9A125 /* Frameworks */ = {
			isa = PBXFrameworksBuildPhase;
			buildActionMask = 2147483647;
			files = (
			);
			runOnlyForDeploymentPostprocessing = 0;
		};
/* End PBXFrameworksBuildPhase section */

/* Begin PBXGroup section */
		77F1F17E22D938B000C9A125 = {
			isa = PBXGroup;
			children = (
				77F1F18922D938B100C9A125 /* Advanced Segues */,
				77F1F19E22D938B400C9A125 /* Advanced SeguesTests */,
				77F1F1A922D938B400C9A125 /* Advanced SeguesUITests */,
				77F1F18822D938B100C9A125 /* Products */,
			);
			sourceTree = "<group>";
		};
		77F1F18822D938B100C9A125 /* Products */ = {
			isa = PBXGroup;
			children = (
				77F1F18722D938B100C9A125 /* Advanced Segues.app */,
				77F1F19B22D938B400C9A125 /* Advanced SeguesTests.xctest */,
				77F1F1A622D938B400C9A125 /* Advanced SeguesUITests.xctest */,
			);
			name = Products;
			sourceTree = "<group>";
		};
		77F1F18922D938B100C9A125 /* Advanced Segues */ = {
			isa = PBXGroup;
			children = (
				77F1F18A22D938B100C9A125 /* AppDelegate.swift */,
				77F1F18C22D938B100C9A125 /* ViewController.swift */,
				77F1F18E22D938B100C9A125 /* Main.storyboard */,
				77F1F1B822D939DB00C9A125 /* TableViewController.swift */,
				77F1F19122D938B400C9A125 /* Assets.xcassets */,
				77F1F19322D938B400C9A125 /* LaunchScreen.storyboard */,
				77F1F19622D938B400C9A125 /* Info.plist */,
			);
			path = "Advanced Segues";
			sourceTree = "<group>";
		};
		77F1F19E22D938B400C9A125 /* Advanced SeguesTests */ = {
			isa = PBXGroup;
			children = (
				77F1F19F22D938B400C9A125 /* Advanced_SeguesTests.swift */,
				77F1F1A122D938B400C9A125 /* Info.plist */,
			);
			path = "Advanced SeguesTests";
			sourceTree = "<group>";
		};
		77F1F1A922D938B400C9A125 /* Advanced SeguesUITests */ = {
			isa = PBXGroup;
			children = (
				77F1F1AA22D938B400C9A125 /* Advanced_SeguesUITests.swift */,
				77F1F1AC22D938B400C9A125 /* Info.plist */,
			);
			path = "Advanced SeguesUITests";
			sourceTree = "<group>";
		};
/* End PBXGroup section */

/* Begin PBXNativeTarget section */
		77F1F18622D938B100C9A125 /* Advanced Segues */ = {
			isa = PBXNativeTarget;
			buildConfigurationList = 77F1F1AF22D938B400C9A125 /* Build configuration list for PBXNativeTarget "Advanced Segues" */;
			buildPhases = (
				77F1F18322D938B100C9A125 /* Sources */,
				77F1F18422D938B100C9A125 /* Frameworks */,
				77F1F18522D938B100C9A125 /* Resources */,
			);
			buildRules = (
			);
			dependencies = (
			);
			name = "Advanced Segues";
			productName = "Advanced Segues";
			productReference = 77F1F18722D938B100C9A125 /* Advanced Segues.app */;
			productType = "com.apple.product-type.application";
		};
		77F1F19A22D938B400C9A125 /* Advanced SeguesTests */ = {
			isa = PBXNativeTarget;
			buildConfigurationList = 77F1F1B222D938B400C9A125 /* Build configuration list for PBXNativeTarget "Advanced SeguesTests" */;
			buildPhases = (
				77F1F19722D938B400C9A125 /* Sources */,
				77F1F19822D938B400C9A125 /* Frameworks */,
				77F1F19922D938B400C9A125 /* Resources */,
			);
			buildRules = (
			);
			dependencies = (
				77F1F19D22D938B400C9A125 /* PBXTargetDependency */,
			);
			name = "Advanced SeguesTests";
			productName = "Advanced SeguesTests";
			productReference = 77F1F19B22D938B400C9A125 /* Advanced SeguesTests.xctest */;
			productType = "com.apple.product-type.bundle.unit-test";
		};
		77F1F1A522D938B400C9A125 /* Advanced SeguesUITests */ = {
			isa = PBXNativeTarget;
			buildConfigurationList = 77F1F1B522D938B400C9A125 /* Build configuration list for PBXNativeTarget "Advanced SeguesUITests" */;
			buildPhases = (
				77F1F1A222D938B400C9A125 /* Sources */,
				77F1F1A322D938B400C9A125 /* Frameworks */,
				77F1F1A422D938B400C9A125 /* Resources */,
			);
			buildRules = (
			);
			dependencies = (
				77F1F1A822D938B400C9A125 /* PBXTargetDependency */,
			);
			name = "Advanced SeguesUITests";
			productName = "Advanced SeguesUITests";
			productReference = 77F1F1A622D938B400C9A125 /* Advanced SeguesUITests.xctest */;
			productType = "com.apple.product-type.bundle.ui-testing";
		};
/* End PBXNativeTarget section */

/* Begin PBXProject section */
		77F1F17F22D938B000C9A125 /* Project object */ = {
			isa = PBXProject;
			attributes = {
				LastSwiftUpdateCheck = 1020;
				LastUpgradeCheck = 1020;
				ORGANIZATIONNAME = NextGenTech;
				TargetAttributes = {
					77F1F18622D938B100C9A125 = {
						CreatedOnToolsVersion = 10.2.1;
					};
					77F1F19A22D938B400C9A125 = {
						CreatedOnToolsVersion = 10.2.1;
						TestTargetID = 77F1F18622D938B100C9A125;
					};
					77F1F1A522D938B400C9A125 = {
						CreatedOnToolsVersion = 10.2.1;
						TestTargetID = 77F1F18622D938B100C9A125;
					};
				};
			};
			buildConfigurationList = 77F1F18222D938B000C9A125 /* Build configuration list for PBXProject "Advanced Segues" */;
			compatibilityVersion = "Xcode 9.3";
			developmentRegion = en;
			hasScannedForEncodings = 0;
			knownRegions = (
				en,
				Base,
			);
			mainGroup = 77F1F17E22D938B000C9A125;
			productRefGroup = 77F1F18822D938B100C9A125 /* Products */;
			projectDirPath = "";
			projectRoot = "";
			targets = (
				77F1F18622D938B100C9A125 /* Advanced Segues */,
				77F1F19A22D938B400C9A125 /* Advanced SeguesTests */,
				77F1F1A522D938B400C9A125 /* Advanced SeguesUITests */,
			);
		};
/* End PBXProject section */

/* Begin PBXResourcesBuildPhase section */
		77F1F18522D938B100C9A125 /* Resources */ = {
			isa = PBXResourcesBuildPhase;
			buildActionMask = 2147483647;
			files = (
				77F1F19522D938B400C9A125 /* LaunchScreen.storyboard in Resources */,
				77F1F19222D938B400C9A125 /* Assets.xcassets in Resources */,
				77F1F19022D938B100C9A125 /* Main.storyboard in Resources */,
			);
			runOnlyForDeploymentPostprocessing = 0;
		};
		77F1F19922D938B400C9A125 /* Resources */ = {
			isa = PBXResourcesBuildPhase;
			buildActionMask = 2147483647;
			files = (
			);
			runOnlyForDeploymentPostprocessing = 0;
		};
		77F1F1A422D938B400C9A125 /* Resources */ = {
			isa = PBXResourcesBuildPhase;
			buildActionMask = 2147483647;
			files = (
			);
			runOnlyForDeploymentPostprocessing = 0;
		};
/* End PBXResourcesBuildPhase section */

/* Begin PBXSourcesBuildPhase section */
		77F1F18322D938B100C9A125 /* Sources */ = {
			isa = PBXSourcesBuildPhase;
			buildActionMask = 2147483647;
			files = (
				77F1F18D22D938B100C9A125 /* ViewController.swift in Sources */,
				77F1F1B922D939DB00C9A125 /* TableViewController.swift in Sources */,
				77F1F18B22D938B100C9A125 /* AppDelegate.swift in Sources */,
			);
			runOnlyForDeploymentPostprocessing = 0;
		};
		77F1F19722D938B400C9A125 /* Sources */ = {
			isa = PBXSourcesBuildPhase;
			buildActionMask = 2147483647;
			files = (
				77F1F1A022D938B400C9A125 /* Advanced_SeguesTests.swift in Sources */,
			);
			runOnlyForDeploymentPostprocessing = 0;
		};
		77F1F1A222D938B400C9A125 /* Sources */ = {
			isa = PBXSourcesBuildPhase;
			buildActionMask = 2147483647;
			files = (
				77F1F1AB22D938B400C9A125 /* Advanced_SeguesUITests.swift in Sources */,
			);
			runOnlyForDeploymentPostprocessing = 0;
		};
/* End PBXSourcesBuildPhase section */

/* Begin PBXTargetDependency section */
		77F1F19D22D938B400C9A125 /* PBXTargetDependency */ = {
			isa = PBXTargetDependency;
			target = 77F1F18622D938B100C9A125 /* Advanced Segues */;
			targetProxy = 77F1F19C22D938B400C9A125 /* PBXContainerItemProxy */;
		};
		77F1F1A822D938B400C9A125 /* PBXTargetDependency */ = {
			isa = PBXTargetDependency;
			target = 77F1F18622D938B100C9A125 /* Advanced Segues */;
			targetProxy = 77F1F1A722D938B400C9A125 /* PBXContainerItemProxy */;
		};
/* End PBXTargetDependency section */

/* Begin PBXVariantGroup section */
		77F1F18E22D938B100C9A125 /* Main.storyboard */ = {
			isa = PBXVariantGroup;
			children = (
				77F1F18F22D938B100C9A125 /* Base */,
			);
			name = Main.storyboard;
			sourceTree = "<group>";
		};
		77F1F19322D938B400C9A125 /* LaunchScreen.storyboard */ = {
			isa = PBXVariantGroup;
			children = (
				77F1F19422D938B400C9A125 /* Base */,
			);
			name = LaunchScreen.storyboard;
			sourceTree = "<group>";
		};
/* End PBXVariantGroup section */

/* Begin XCBuildConfiguration section */
		77F1F1AD22D938B400C9A125 /* Debug */ = {
			isa = XCBuildConfiguration;
			buildSettings = {
				ALWAYS_SEARCH_USER_PATHS = NO;
				CLANG_ANALYZER_NONNULL = YES;
				CLANG_ANALYZER_NUMBER_OBJECT_CONVERSION = YES_AGGRESSIVE;
				CLANG_CXX_LANGUAGE_STANDARD = "gnu++14";
				CLANG_CXX_LIBRARY = "libc++";
				CLANG_ENABLE_MODULES = YES;
				CLANG_ENABLE_OBJC_ARC = YES;
				CLANG_ENABLE_OBJC_WEAK = YES;
				CLANG_WARN_BLOCK_CAPTURE_AUTORELEASING = YES;
				CLANG_WARN_BOOL_CONVERSION = YES;
				CLANG_WARN_COMMA = YES;
				CLANG_WARN_CONSTANT_CONVERSION = YES;
				CLANG_WARN_DEPRECATED_OBJC_IMPLEMENTATIONS = YES;
				CLANG_WARN_DIRECT_OBJC_ISA_USAGE = YES_ERROR;
				CLANG_WARN_DOCUMENTATION_COMMENTS = YES;
				CLANG_WARN_EMPTY_BODY = YES;
				CLANG_WARN_ENUM_CONVERSION = YES;
				CLANG_WARN_INFINITE_RECURSION = YES;
				CLANG_WARN_INT_CONVERSION = YES;
				CLANG_WARN_NON_LITERAL_NULL_CONVERSION = YES;
				CLANG_WARN_OBJC_IMPLICIT_RETAIN_SELF = YES;
				CLANG_WARN_OBJC_LITERAL_CONVERSION = YES;
				CLANG_WARN_OBJC_ROOT_CLASS = YES_ERROR;
				CLANG_WARN_RANGE_LOOP_ANALYSIS = YES;
				CLANG_WARN_STRICT_PROTOTYPES = YES;
				CLANG_WARN_SUSPICIOUS_MOVE = YES;
				CLANG_WARN_UNGUARDED_AVAILABILITY = YES_AGGRESSIVE;
				CLANG_WARN_UNREACHABLE_CODE = YES;
				CLANG_WARN__DUPLICATE_METHOD_MATCH = YES;
				CODE_SIGN_IDENTITY = "iPhone Developer";
				COPY_PHASE_STRIP = NO;
				DEBUG_INFORMATION_FORMAT = dwarf;
				ENABLE_STRICT_OBJC_MSGSEND = YES;
				ENABLE_TESTABILITY = YES;
				GCC_C_LANGUAGE_STANDARD = gnu11;
				GCC_DYNAMIC_NO_PIC = NO;
				GCC_NO_COMMON_BLOCKS = YES;
				GCC_OPTIMIZATION_LEVEL = 0;
				GCC_PREPROCESSOR_DEFINITIONS = (
					"DEBUG=1",
					"$(inherited)",
				);
				GCC_WARN_64_TO_32_BIT_CONVERSION = YES;
				GCC_WARN_ABOUT_RETURN_TYPE = YES_ERROR;
				GCC_WARN_UNDECLARED_SELECTOR = YES;
				GCC_WARN_UNINITIALIZED_AUTOS = YES_AGGRESSIVE;
				GCC_WARN_UNUSED_FUNCTION = YES;
				GCC_WARN_UNUSED_VARIABLE = YES;
				IPHONEOS_DEPLOYMENT_TARGET = 12.2;
				MTL_ENABLE_DEBUG_INFO = INCLUDE_SOURCE;
				MTL_FAST_MATH = YES;
				ONLY_ACTIVE_ARCH = YES;
				SDKROOT = iphoneos;
				SWIFT_ACTIVE_COMPILATION_CONDITIONS = DEBUG;
				SWIFT_OPTIMIZATION_LEVEL = "-Onone";
			};
			name = Debug;
		};
		77F1F1AE22D938B400C9A125 /* Release */ = {
			isa = XCBuildConfiguration;
			buildSettings = {
				ALWAYS_SEARCH_USER_PATHS = NO;
				CLANG_ANALYZER_NONNULL = YES;
				CLANG_ANALYZER_NUMBER_OBJECT_CONVERSION = YES_AGGRESSIVE;
				CLANG_CXX_LANGUAGE_STANDARD = "gnu++14";
				CLANG_CXX_LIBRARY = "libc++";
				CLANG_ENABLE_MODULES = YES;
				CLANG_ENABLE_OBJC_ARC = YES;
				CLANG_ENABLE_OBJC_WEAK = YES;
				CLANG_WARN_BLOCK_CAPTURE_AUTORELEASING = YES;
				CLANG_WARN_BOOL_CONVERSION = YES;
				CLANG_WARN_COMMA = YES;
				CLANG_WARN_CONSTANT_CONVERSION = YES;
				CLANG_WARN_DEPRECATED_OBJC_IMPLEMENTATIONS = YES;
				CLANG_WARN_DIRECT_OBJC_ISA_USAGE = YES_ERROR;
				CLANG_WARN_DOCUMENTATION_COMMENTS = YES;
				CLANG_WARN_EMPTY_BODY = YES;
				CLANG_WARN_ENUM_CONVERSION = YES;
				CLANG_WARN_INFINITE_RECURSION = YES;
				CLANG_WARN_INT_CONVERSION = YES;
				CLANG_WARN_NON_LITERAL_NULL_CONVERSION = YES;
				CLANG_WARN_OBJC_IMPLICIT_RETAIN_SELF = YES;
				CLANG_WARN_OBJC_LITERAL_CONVERSION = YES;
				CLANG_WARN_OBJC_ROOT_CLASS = YES_ERROR;
				CLANG_WARN_RANGE_LOOP_ANALYSIS = YES;
				CLANG_WARN_STRICT_PROTOTYPES = YES;
				CLANG_WARN_SUSPICIOUS_MOVE = YES;
				CLANG_WARN_UNGUARDED_AVAILABILITY = YES_AGGRESSIVE;
				CLANG_WARN_UNREACHABLE_CODE = YES;
				CLANG_WARN__DUPLICATE_METHOD_MATCH = YES;
				CODE_SIGN_IDENTITY = "iPhone Developer";
				COPY_PHASE_STRIP = NO;
				DEBUG_INFORMATION_FORMAT = "dwarf-with-dsym";
				ENABLE_NS_ASSERTIONS = NO;
				ENABLE_STRICT_OBJC_MSGSEND = YES;
				GCC_C_LANGUAGE_STANDARD = gnu11;
				GCC_NO_COMMON_BLOCKS = YES;
				GCC_WARN_64_TO_32_BIT_CONVERSION = YES;
				GCC_WARN_ABOUT_RETURN_TYPE = YES_ERROR;
				GCC_WARN_UNDECLARED_SELECTOR = YES;
				GCC_WARN_UNINITIALIZED_AUTOS = YES_AGGRESSIVE;
				GCC_WARN_UNUSED_FUNCTION = YES;
				GCC_WARN_UNUSED_VARIABLE = YES;
				IPHONEOS_DEPLOYMENT_TARGET = 12.2;
				MTL_ENABLE_DEBUG_INFO = NO;
				MTL_FAST_MATH = YES;
				SDKROOT = iphoneos;
				SWIFT_COMPILATION_MODE = wholemodule;
				SWIFT_OPTIMIZATION_LEVEL = "-O";
				VALIDATE_PRODUCT = YES;
			};
			name = Release;
		};
		77F1F1B022D938B400C9A125 /* Debug */ = {
			isa = XCBuildConfiguration;
			buildSettings = {
				ASSETCATALOG_COMPILER_APPICON_NAME = AppIcon;
				CODE_SIGN_STYLE = Automatic;
				INFOPLIST_FILE = "Advanced Segues/Info.plist";
				LD_RUNPATH_SEARCH_PATHS = (
					"$(inherited)",
					"@executable_path/Frameworks",
				);
				PRODUCT_BUNDLE_IDENTIFIER = "com.myApp.Advanced-Segues";
				PRODUCT_NAME = "$(TARGET_NAME)";
				SWIFT_VERSION = 5.0;
				TARGETED_DEVICE_FAMILY = "1,2";
			};
			name = Debug;
		};
		77F1F1B122D938B400C9A125 /* Release */ = {
			isa = XCBuildConfiguration;
			buildSettings = {
				ASSETCATALOG_COMPILER_APPICON_NAME = AppIcon;
				CODE_SIGN_STYLE = Automatic;
				INFOPLIST_FILE = "Advanced Segues/Info.plist";
				LD_RUNPATH_SEARCH_PATHS = (
					"$(inherited)",
					"@executable_path/Frameworks",
				);
				PRODUCT_BUNDLE_IDENTIFIER = "com.myApp.Advanced-Segues";
				PRODUCT_NAME = "$(TARGET_NAME)";
				SWIFT_VERSION = 5.0;
				TARGETED_DEVICE_FAMILY = "1,2";
			};
			name = Release;
		};
		77F1F1B322D938B400C9A125 /* Debug */ = {
			isa = XCBuildConfiguration;
			buildSettings = {
				ALWAYS_EMBED_SWIFT_STANDARD_LIBRARIES = YES;
				BUNDLE_LOADER = "$(TEST_HOST)";
				CODE_SIGN_STYLE = Automatic;
				INFOPLIST_FILE = "Advanced SeguesTests/Info.plist";
				LD_RUNPATH_SEARCH_PATHS = (
					"$(inherited)",
					"@executable_path/Frameworks",
					"@loader_path/Frameworks",
				);
				PRODUCT_BUNDLE_IDENTIFIER = "com.myApp.Advanced-SeguesTests";
				PRODUCT_NAME = "$(TARGET_NAME)";
				SWIFT_VERSION = 5.0;
				TARGETED_DEVICE_FAMILY = "1,2";
				TEST_HOST = "$(BUILT_PRODUCTS_DIR)/Advanced Segues.app/Advanced Segues";
			};
			name = Debug;
		};
		77F1F1B422D938B400C9A125 /* Release */ = {
			isa = XCBuildConfiguration;
			buildSettings = {
				ALWAYS_EMBED_SWIFT_STANDARD_LIBRARIES = YES;
				BUNDLE_LOADER = "$(TEST_HOST)";
				CODE_SIGN_STYLE = Automatic;
				INFOPLIST_FILE = "Advanced SeguesTests/Info.plist";
				LD_RUNPATH_SEARCH_PATHS = (
					"$(inherited)",
					"@executable_path/Frameworks",
					"@loader_path/Frameworks",
				);
				PRODUCT_BUNDLE_IDENTIFIER = "com.myApp.Advanced-SeguesTests";
				PRODUCT_NAME = "$(TARGET_NAME)";
				SWIFT_VERSION = 5.0;
				TARGETED_DEVICE_FAMILY = "1,2";
				TEST_HOST = "$(BUILT_PRODUCTS_DIR)/Advanced Segues.app/Advanced Segues";
			};
			name = Release;
		};
		77F1F1B622D938B400C9A125 /* Debug */ = {
			isa = XCBuildConfiguration;
			buildSettings = {
				ALWAYS_EMBED_SWIFT_STANDARD_LIBRARIES = YES;
				CODE_SIGN_STYLE = Automatic;
				INFOPLIST_FILE = "Advanced SeguesUITests/Info.plist";
				LD_RUNPATH_SEARCH_PATHS = (
					"$(inherited)",
					"@executable_path/Frameworks",
					"@loader_path/Frameworks",
				);
				PRODUCT_BUNDLE_IDENTIFIER = "com.myApp.Advanced-SeguesUITests";
				PRODUCT_NAME = "$(TARGET_NAME)";
				SWIFT_VERSION = 5.0;
				TARGETED_DEVICE_FAMILY = "1,2";
				TEST_TARGET_NAME = "Advanced Segues";
			};
			name = Debug;
		};
		77F1F1B722D938B400C9A125 /* Release */ = {
			isa = XCBuildConfiguration;
			buildSettings = {
				ALWAYS_EMBED_SWIFT_STANDARD_LIBRARIES = YES;
				CODE_SIGN_STYLE = Automatic;
				INFOPLIST_FILE = "Advanced SeguesUITests/Info.plist";
				LD_RUNPATH_SEARCH_PATHS = (
					"$(inherited)",
					"@executable_path/Frameworks",
					"@loader_path/Frameworks",
				);
				PRODUCT_BUNDLE_IDENTIFIER = "com.myApp.Advanced-SeguesUITests";
				PRODUCT_NAME = "$(TARGET_NAME)";
				SWIFT_VERSION = 5.0;
				TARGETED_DEVICE_FAMILY = "1,2";
				TEST_TARGET_NAME = "Advanced Segues";
			};
			name = Release;
		};
/* End XCBuildConfiguration section */

/* Begin XCConfigurationList section */
		77F1F18222D938B000C9A125 /* Build configuration list for PBXProject "Advanced Segues" */ = {
			isa = XCConfigurationList;
			buildConfigurations = (
				77F1F1AD22D938B400C9A125 /* Debug */,
				77F1F1AE22D938B400C9A125 /* Release */,
			);
			defaultConfigurationIsVisible = 0;
			defaultConfigurationName = Release;
		};
		77F1F1AF22D938B400C9A125 /* Build configuration list for PBXNativeTarget "Advanced Segues" */ = {
			isa = XCConfigurationList;
			buildConfigurations = (
				77F1F1B022D938B400C9A125 /* Debug */,
				77F1F1B122D938B400C9A125 /* Release */,
			);
			defaultConfigurationIsVisible = 0;
			defaultConfigurationName = Release;
		};
		77F1F1B222D938B400C9A125 /* Build configuration list for PBXNativeTarget "Advanced SeguesTests" */ = {
			isa = XCConfigurationList;
			buildConfigurations = (
				77F1F1B322D938B400C9A125 /* Debug */,
				77F1F1B422D938B400C9A125 /* Release */,
			);
			defaultConfigurationIsVisible = 0;
			defaultConfigurationName = Release;
		};
		77F1F1B522D938B400C9A125 /* Build configuration list for PBXNativeTarget "Advanced SeguesUITests" */ = {
			isa = XCConfigurationList;
			buildConfigurations = (
				77F1F1B622D938B400C9A125 /* Debug */,
				77F1F1B722D938B400C9A125 /* Release */,
			);
			defaultConfigurationIsVisible = 0;
			defaultConfigurationName = Release;
		};
/* End XCConfigurationList section */
	};
	rootObject = 77F1F17F22D938B000C9A125 /* Project object */;
}
